// !$*UTF8*$!
{
	archiveVersion = 1;
	classes = {
	};
	objectVersion = 46;
	objects = {

/* Begin PBXBuildFile section */
		8022E3C41DAB7A7A00D80071 /* AppDelegate.swift in Sources */ = {isa = PBXBuildFile; fileRef = 8022E3C31DAB7A7A00D80071 /* AppDelegate.swift */; };
		8022E3C61DAB7A7A00D80071 /* ViewController.swift in Sources */ = {isa = PBXBuildFile; fileRef = 8022E3C51DAB7A7A00D80071 /* ViewController.swift */; };
		8022E3C91DAB7A7A00D80071 /* Main.storyboard in Resources */ = {isa = PBXBuildFile; fileRef = 8022E3C71DAB7A7A00D80071 /* Main.storyboard */; };
		8022E3CB1DAB7A7A00D80071 /* Assets.xcassets in Resources */ = {isa = PBXBuildFile; fileRef = 8022E3CA1DAB7A7A00D80071 /* Assets.xcassets */; };
		8022E3CE1DAB7A7A00D80071 /* LaunchScreen.storyboard in Resources */ = {isa = PBXBuildFile; fileRef = 8022E3CC1DAB7A7A00D80071 /* LaunchScreen.storyboard */; };
		8022E3D91DAB7A7A00D80071 /* VCKitTests.swift in Sources */ = {isa = PBXBuildFile; fileRef = 8022E3D81DAB7A7A00D80071 /* VCKitTests.swift */; };
		8022E3E41DAB7A7A00D80071 /* VCKitUITests.swift in Sources */ = {isa = PBXBuildFile; fileRef = 8022E3E31DAB7A7A00D80071 /* VCKitUITests.swift */; };
/* End PBXBuildFile section */

/* Begin PBXContainerItemProxy section */
		8022E3D51DAB7A7A00D80071 /* PBXContainerItemProxy */ = {
			isa = PBXContainerItemProxy;
			containerPortal = 8022E3B81DAB7A7A00D80071 /* Project object */;
			proxyType = 1;
			remoteGlobalIDString = 8022E3BF1DAB7A7A00D80071;
			remoteInfo = VCKit;
		};
		8022E3E01DAB7A7A00D80071 /* PBXContainerItemProxy */ = {
			isa = PBXContainerItemProxy;
			containerPortal = 8022E3B81DAB7A7A00D80071 /* Project object */;
			proxyType = 1;
			remoteGlobalIDString = 8022E3BF1DAB7A7A00D80071;
			remoteInfo = VCKit;
		};
/* End PBXContainerItemProxy section */

/* Begin PBXFileReference section */
		8022E3C01DAB7A7A00D80071 /* VCKit.app */ = {isa = PBXFileReference; explicitFileType = wrapper.application; includeInIndex = 0; path = VCKit.app; sourceTree = BUILT_PRODUCTS_DIR; };
		8022E3C31DAB7A7A00D80071 /* AppDelegate.swift */ = {isa = PBXFileReference; lastKnownFileType = sourcecode.swift; path = AppDelegate.swift; sourceTree = "<group>"; };
		8022E3C51DAB7A7A00D80071 /* ViewController.swift */ = {isa = PBXFileReference; lastKnownFileType = sourcecode.swift; path = ViewController.swift; sourceTree = "<group>"; };
		8022E3C81DAB7A7A00D80071 /* Base */ = {isa = PBXFileReference; lastKnownFileType = file.storyboard; name = Base; path = Base.lproj/Main.storyboard; sourceTree = "<group>"; };
		8022E3CA1DAB7A7A00D80071 /* Assets.xcassets */ = {isa = PBXFileReference; lastKnownFileType = folder.assetcatalog; path = Assets.xcassets; sourceTree = "<group>"; };
		8022E3CD1DAB7A7A00D80071 /* Base */ = {isa = PBXFileReference; lastKnownFileType = file.storyboard; name = Base; path = Base.lproj/LaunchScreen.storyboard; sourceTree = "<group>"; };
		8022E3CF1DAB7A7A00D80071 /* Info.plist */ = {isa = PBXFileReference; lastKnownFileType = text.plist.xml; path = Info.plist; sourceTree = "<group>"; };
		8022E3D41DAB7A7A00D80071 /* VCKitTests.xctest */ = {isa = PBXFileReference; explicitFileType = wrapper.cfbundle; includeInIndex = 0; path = VCKitTests.xctest; sourceTree = BUILT_PRODUCTS_DIR; };
		8022E3D81DAB7A7A00D80071 /* VCKitTests.swift */ = {isa = PBXFileReference; lastKnownFileType = sourcecode.swift; path = VCKitTests.swift; sourceTree = "<group>"; };
		8022E3DA1DAB7A7A00D80071 /* Info.plist */ = {isa = PBXFileReference; lastKnownFileType = text.plist.xml; path = Info.plist; sourceTree = "<group>"; };
		8022E3DF1DAB7A7A00D80071 /* VCKitUITests.xctest */ = {isa = PBXFileReference; explicitFileType = wrapper.cfbundle; includeInIndex = 0; path = VCKitUITests.xctest; sourceTree = BUILT_PRODUCTS_DIR; };
		8022E3E31DAB7A7A00D80071 /* VCKitUITests.swift */ = {isa = PBXFileReference; lastKnownFileType = sourcecode.swift; path = VCKitUITests.swift; sourceTree = "<group>"; };
		8022E3E51DAB7A7A00D80071 /* Info.plist */ = {isa = PBXFileReference; lastKnownFileType = text.plist.xml; path = Info.plist; sourceTree = "<group>"; };
/* End PBXFileReference section */

/* Begin PBXFrameworksBuildPhase section */
		8022E3BD1DAB7A7A00D80071 /* Frameworks */ = {
			isa = PBXFrameworksBuildPhase;
			buildActionMask = 2147483647;
			files = (
			);
			runOnlyForDeploymentPostprocessing = 0;
		};
		8022E3D11DAB7A7A00D80071 /* Frameworks */ = {
			isa = PBXFrameworksBuildPhase;
			buildActionMask = 2147483647;
			files = (
			);
			runOnlyForDeploymentPostprocessing = 0;
		};
		8022E3DC1DAB7A7A00D80071 /* Frameworks */ = {
			isa = PBXFrameworksBuildPhase;
			buildActionMask = 2147483647;
			files = (
			);
			runOnlyForDeploymentPostprocessing = 0;
		};
/* End PBXFrameworksBuildPhase section */

/* Begin PBXGroup section */
		8022E3B71DAB7A7A00D80071 = {
			isa = PBXGroup;
			children = (
				8022E3C21DAB7A7A00D80071 /* VCKit */,
				8022E3D71DAB7A7A00D80071 /* VCKitTests */,
				8022E3E21DAB7A7A00D80071 /* VCKitUITests */,
				8022E3C11DAB7A7A00D80071 /* Products */,
			);
			sourceTree = "<group>";
		};
		8022E3C11DAB7A7A00D80071 /* Products */ = {
			isa = PBXGroup;
			children = (
				8022E3C01DAB7A7A00D80071 /* VCKit.app */,
				8022E3D41DAB7A7A00D80071 /* VCKitTests.xctest */,
				8022E3DF1DAB7A7A00D80071 /* VCKitUITests.xctest */,
			);
			name = Products;
			sourceTree = "<group>";
		};
		8022E3C21DAB7A7A00D80071 /* VCKit */ = {
			isa = PBXGroup;
			children = (
				8022E3C31DAB7A7A00D80071 /* AppDelegate.swift */,
				8022E3C51DAB7A7A00D80071 /* ViewController.swift */,
				8022E3C71DAB7A7A00D80071 /* Main.storyboard */,
				8022E3CA1DAB7A7A00D80071 /* Assets.xcassets */,
				8022E3CC1DAB7A7A00D80071 /* LaunchScreen.storyboard */,
				8022E3CF1DAB7A7A00D80071 /* Info.plist */,
			);
			path = VCKit;
			sourceTree = "<group>";
		};
		8022E3D71DAB7A7A00D80071 /* VCKitTests */ = {
			isa = PBXGroup;
			children = (
				8022E3D81DAB7A7A00D80071 /* VCKitTests.swift */,
				8022E3DA1DAB7A7A00D80071 /* Info.plist */,
			);
			path = VCKitTests;
			sourceTree = "<group>";
		};
		8022E3E21DAB7A7A00D80071 /* VCKitUITests */ = {
			isa = PBXGroup;
			children = (
				8022E3E31DAB7A7A00D80071 /* VCKitUITests.swift */,
				8022E3E51DAB7A7A00D80071 /* Info.plist */,
			);
			path = VCKitUITests;
			sourceTree = "<group>";
		};
/* End PBXGroup section */

/* Begin PBXNativeTarget section */
		8022E3BF1DAB7A7A00D80071 /* VCKit */ = {
			isa = PBXNativeTarget;
			buildConfigurationList = 8022E3E81DAB7A7A00D80071 /* Build configuration list for PBXNativeTarget "VCKit" */;
			buildPhases = (
				8022E3BC1DAB7A7A00D80071 /* Sources */,
				8022E3BD1DAB7A7A00D80071 /* Frameworks */,
				8022E3BE1DAB7A7A00D80071 /* Resources */,
			);
			buildRules = (
			);
			dependencies = (
			);
			name = VCKit;
			productName = VCKit;
			productReference = 8022E3C01DAB7A7A00D80071 /* VCKit.app */;
			productType = "com.apple.product-type.application";
		};
		8022E3D31DAB7A7A00D80071 /* VCKitTests */ = {
			isa = PBXNativeTarget;
			buildConfigurationList = 8022E3EB1DAB7A7A00D80071 /* Build configuration list for PBXNativeTarget "VCKitTests" */;
			buildPhases = (
				8022E3D01DAB7A7A00D80071 /* Sources */,
				8022E3D11DAB7A7A00D80071 /* Frameworks */,
				8022E3D21DAB7A7A00D80071 /* Resources */,
			);
			buildRules = (
			);
			dependencies = (
				8022E3D61DAB7A7A00D80071 /* PBXTargetDependency */,
			);
			name = VCKitTests;
			productName = VCKitTests;
			productReference = 8022E3D41DAB7A7A00D80071 /* VCKitTests.xctest */;
			productType = "com.apple.product-type.bundle.unit-test";
		};
		8022E3DE1DAB7A7A00D80071 /* VCKitUITests */ = {
			isa = PBXNativeTarget;
			buildConfigurationList = 8022E3EE1DAB7A7A00D80071 /* Build configuration list for PBXNativeTarget "VCKitUITests" */;
			buildPhases = (
				8022E3DB1DAB7A7A00D80071 /* Sources */,
				8022E3DC1DAB7A7A00D80071 /* Frameworks */,
				8022E3DD1DAB7A7A00D80071 /* Resources */,
			);
			buildRules = (
			);
			dependencies = (
				8022E3E11DAB7A7A00D80071 /* PBXTargetDependency */,
			);
			name = VCKitUITests;
			productName = VCKitUITests;
			productReference = 8022E3DF1DAB7A7A00D80071 /* VCKitUITests.xctest */;
			productType = "com.apple.product-type.bundle.ui-testing";
		};
/* End PBXNativeTarget section */

/* Begin PBXProject section */
		8022E3B81DAB7A7A00D80071 /* Project object */ = {
			isa = PBXProject;
			attributes = {
				LastSwiftUpdateCheck = 0800;
				LastUpgradeCheck = 0800;
				ORGANIZATIONNAME = CWQ;
				TargetAttributes = {
					8022E3BF1DAB7A7A00D80071 = {
						CreatedOnToolsVersion = 8.0;
						DevelopmentTeam = 8XPGLV92E6;
						ProvisioningStyle = Automatic;
					};
					8022E3D31DAB7A7A00D80071 = {
						CreatedOnToolsVersion = 8.0;
						DevelopmentTeam = 8XPGLV92E6;
						ProvisioningStyle = Automatic;
						TestTargetID = 8022E3BF1DAB7A7A00D80071;
					};
					8022E3DE1DAB7A7A00D80071 = {
						CreatedOnToolsVersion = 8.0;
						DevelopmentTeam = 8XPGLV92E6;
						ProvisioningStyle = Automatic;
						TestTargetID = 8022E3BF1DAB7A7A00D80071;
					};
				};
			};
			buildConfigurationList = 8022E3BB1DAB7A7A00D80071 /* Build configuration list for PBXProject "VCKit" */;
			compatibilityVersion = "Xcode 3.2";
			developmentRegion = English;
			hasScannedForEncodings = 0;
			knownRegions = (
				en,
				Base,
			);
			mainGroup = 8022E3B71DAB7A7A00D80071;
			productRefGroup = 8022E3C11DAB7A7A00D80071 /* Products */;
			projectDirPath = "";
			projectRoot = "";
			targets = (
				8022E3BF1DAB7A7A00D80071 /* VCKit */,
				8022E3D31DAB7A7A00D80071 /* VCKitTests */,
				8022E3DE1DAB7A7A00D80071 /* VCKitUITests */,
			);
		};
/* End PBXProject section */

/* Begin PBXResourcesBuildPhase section */
		8022E3BE1DAB7A7A00D80071 /* Resources */ = {
			isa = PBXResourcesBuildPhase;
			buildActionMask = 2147483647;
			files = (
				8022E3CE1DAB7A7A00D80071 /* LaunchScreen.storyboard in Resources */,
				8022E3CB1DAB7A7A00D80071 /* Assets.xcassets in Resources */,
				8022E3C91DAB7A7A00D80071 /* Main.storyboard in Resources */,
			);
			runOnlyForDeploymentPostprocessing = 0;
		};
		8022E3D21DAB7A7A00D80071 /* Resources */ = {
			isa = PBXResourcesBuildPhase;
			buildActionMask = 2147483647;
			files = (
			);
			runOnlyForDeploymentPostprocessing = 0;
		};
		8022E3DD1DAB7A7A00D80071 /* Resources */ = {
			isa = PBXResourcesBuildPhase;
			buildActionMask = 2147483647;
			files = (
			);
			runOnlyForDeploymentPostprocessing = 0;
		};
/* End PBXResourcesBuildPhase section */

/* Begin PBXSourcesBuildPhase section */
		8022E3BC1DAB7A7A00D80071 /* Sources */ = {
			isa = PBXSourcesBuildPhase;
			buildActionMask = 2147483647;
			files = (
				8022E3C61DAB7A7A00D80071 /* ViewController.swift in Sources */,
				8022E3C41DAB7A7A00D80071 /* AppDelegate.swift in Sources */,
			);
			runOnlyForDeploymentPostprocessing = 0;
		};
		8022E3D01DAB7A7A00D80071 /* Sources */ = {
			isa = PBXSourcesBuildPhase;
			buildActionMask = 2147483647;
			files = (
				8022E3D91DAB7A7A00D80071 /* VCKitTests.swift in Sources */,
			);
			runOnlyForDeploymentPostprocessing = 0;
		};
		8022E3DB1DAB7A7A00D80071 /* Sources */ = {
			isa = PBXSourcesBuildPhase;
			buildActionMask = 2147483647;
			files = (
				8022E3E41DAB7A7A00D80071 /* VCKitUITests.swift in Sources */,
			);
			runOnlyForDeploymentPostprocessing = 0;
		};
/* End PBXSourcesBuildPhase section */

/* Begin PBXTargetDependency section */
		8022E3D61DAB7A7A00D80071 /* PBXTargetDependency */ = {
			isa = PBXTargetDependency;
			target = 8022E3BF1DAB7A7A00D80071 /* VCKit */;
			targetProxy = 8022E3D51DAB7A7A00D80071 /* PBXContainerItemProxy */;
		};
		8022E3E11DAB7A7A00D80071 /* PBXTargetDependency */ = {
			isa = PBXTargetDependency;
			target = 8022E3BF1DAB7A7A00D80071 /* VCKit */;
			targetProxy = 8022E3E01DAB7A7A00D80071 /* PBXContainerItemProxy */;
		};
/* End PBXTargetDependency section */

/* Begin PBXVariantGroup section */
		8022E3C71DAB7A7A00D80071 /* Main.storyboard */ = {
			isa = PBXVariantGroup;
			children = (
				8022E3C81DAB7A7A00D80071 /* Base */,
			);
			name = Main.storyboard;
			sourceTree = "<group>";
		};
		8022E3CC1DAB7A7A00D80071 /* LaunchScreen.storyboard */ = {
			isa = PBXVariantGroup;
			children = (
				8022E3CD1DAB7A7A00D80071 /* Base */,
			);
			name = LaunchScreen.storyboard;
			sourceTree = "<group>";
		};
/* End PBXVariantGroup section */

/* Begin XCBuildConfiguration section */
		8022E3E61DAB7A7A00D80071 /* Debug */ = {
			isa = XCBuildConfiguration;
			buildSettings = {
				ALWAYS_SEARCH_USER_PATHS = NO;
				CLANG_ANALYZER_NONNULL = YES;
				CLANG_CXX_LANGUAGE_STANDARD = "gnu++0x";
				CLANG_CXX_LIBRARY = "libc++";
				CLANG_ENABLE_MODULES = YES;
				CLANG_ENABLE_OBJC_ARC = YES;
				CLANG_WARN_BOOL_CONVERSION = YES;
				CLANG_WARN_CONSTANT_CONVERSION = YES;
				CLANG_WARN_DIRECT_OBJC_ISA_USAGE = YES_ERROR;
				CLANG_WARN_DOCUMENTATION_COMMENTS = YES;
				CLANG_WARN_EMPTY_BODY = YES;
				CLANG_WARN_ENUM_CONVERSION = YES;
				CLANG_WARN_INFINITE_RECURSION = YES;
				CLANG_WARN_INT_CONVERSION = YES;
				CLANG_WARN_OBJC_ROOT_CLASS = YES_ERROR;
				CLANG_WARN_SUSPICIOUS_MOVES = YES;
				CLANG_WARN_UNREACHABLE_CODE = YES;
				CLANG_WARN__DUPLICATE_METHOD_MATCH = YES;
				"CODE_SIGN_IDENTITY[sdk=iphoneos*]" = "iPhone Developer";
				COPY_PHASE_STRIP = NO;
				DEBUG_INFORMATION_FORMAT = dwarf;
				ENABLE_STRICT_OBJC_MSGSEND = YES;
				ENABLE_TESTABILITY = YES;
				GCC_C_LANGUAGE_STANDARD = gnu99;
				GCC_DYNAMIC_NO_PIC = NO;
				GCC_NO_COMMON_BLOCKS = YES;
				GCC_OPTIMIZATION_LEVEL = 0;
				GCC_PREPROCESSOR_DEFINITIONS = (
					"DEBUG=1",
					"$(inherited)",
				);
				GCC_WARN_64_TO_32_BIT_CONVERSION = YES;
				GCC_WARN_ABOUT_RETURN_TYPE = YES_ERROR;
				GCC_WARN_UNDECLARED_SELECTOR = YES;
				GCC_WARN_UNINITIALIZED_AUTOS = YES_AGGRESSIVE;
				GCC_WARN_UNUSED_FUNCTION = YES;
				GCC_WARN_UNUSED_VARIABLE = YES;
				IPHONEOS_DEPLOYMENT_TARGET = 10.0;
				MTL_ENABLE_DEBUG_INFO = YES;
				ONLY_ACTIVE_ARCH = YES;
				SDKROOT = iphoneos;
				SWIFT_ACTIVE_COMPILATION_CONDITIONS = DEBUG;
				SWIFT_OPTIMIZATION_LEVEL = "-Onone";
				TARGETED_DEVICE_FAMILY = "1,2";
			};
			name = Debug;
		};
		8022E3E71DAB7A7A00D80071 /* Release */ = {
			isa = XCBuildConfiguration;
			buildSettings = {
				ALWAYS_SEARCH_USER_PATHS = NO;
				CLANG_ANALYZER_NONNULL = YES;
				CLANG_CXX_LANGUAGE_STANDARD = "gnu++0x";
				CLANG_CXX_LIBRARY = "libc++";
				CLANG_ENABLE_MODULES = YES;
				CLANG_ENABLE_OBJC_ARC = YES;
				CLANG_WARN_BOOL_CONVERSION = YES;
				CLANG_WARN_CONSTANT_CONVERSION = YES;
				CLANG_WARN_DIRECT_OBJC_ISA_USAGE = YES_ERROR;
				CLANG_WARN_DOCUMENTATION_COMMENTS = YES;
				CLANG_WARN_EMPTY_BODY = YES;
				CLANG_WARN_ENUM_CONVERSION = YES;
				CLANG_WARN_INFINITE_RECURSION = YES;
				CLANG_WARN_INT_CONVERSION = YES;
				CLANG_WARN_OBJC_ROOT_CLASS = YES_ERROR;
				CLANG_WARN_SUSPICIOUS_MOVES = YES;
				CLANG_WARN_UNREACHABLE_CODE = YES;
				CLANG_WARN__DUPLICATE_METHOD_MATCH = YES;
				"CODE_SIGN_IDENTITY[sdk=iphoneos*]" = "iPhone Developer";
				COPY_PHASE_STRIP = NO;
				DEBUG_INFORMATION_FORMAT = "dwarf-with-dsym";
				ENABLE_NS_ASSERTIONS = NO;
				ENABLE_STRICT_OBJC_MSGSEND = YES;
				GCC_C_LANGUAGE_STANDARD = gnu99;
				GCC_NO_COMMON_BLOCKS = YES;
				GCC_WARN_64_TO_32_BIT_CONVERSION = YES;
				GCC_WARN_ABOUT_RETURN_TYPE = YES_ERROR;
				GCC_WARN_UNDECLARED_SELECTOR = YES;
				GCC_WARN_UNINITIALIZED_AUTOS = YES_AGGRESSIVE;
				GCC_WARN_UNUSED_FUNCTION = YES;
				GCC_WARN_UNUSED_VARIABLE = YES;
				IPHONEOS_DEPLOYMENT_TARGET = 10.0;
				MTL_ENABLE_DEBUG_INFO = NO;
				SDKROOT = iphoneos;
				SWIFT_OPTIMIZATION_LEVEL = "-Owholemodule";
				TARGETED_DEVICE_FAMILY = "1,2";
				VALIDATE_PRODUCT = YES;
			};
			name = Release;
		};
		8022E3E91DAB7A7A00D80071 /* Debug */ = {
			isa = XCBuildConfiguration;
			buildSettings = {
				ASSETCATALOG_COMPILER_APPICON_NAME = AppIcon;
				DEVELOPMENT_TEAM = 8XPGLV92E6;
				INFOPLIST_FILE = VCKit/Info.plist;
				LD_RUNPATH_SEARCH_PATHS = "$(inherited) @executable_path/Frameworks";
				PRODUCT_BUNDLE_IDENTIFIER = "Vince-Chan.VCKit";
				PRODUCT_NAME = "$(TARGET_NAME)";
				SWIFT_VERSION = 3.0;
			};
			name = Debug;
		};
		8022E3EA1DAB7A7A00D80071 /* Release */ = {
			isa = XCBuildConfiguration;
			buildSettings = {
				ASSETCATALOG_COMPILER_APPICON_NAME = AppIcon;
				DEVELOPMENT_TEAM = 8XPGLV92E6;
				INFOPLIST_FILE = VCKit/Info.plist;
				LD_RUNPATH_SEARCH_PATHS = "$(inherited) @executable_path/Frameworks";
				PRODUCT_BUNDLE_IDENTIFIER = "Vince-Chan.VCKit";
				PRODUCT_NAME = "$(TARGET_NAME)";
				SWIFT_VERSION = 3.0;
			};
			name = Release;
		};
		8022E3EC1DAB7A7A00D80071 /* Debug */ = {
			isa = XCBuildConfiguration;
			buildSettings = {
				ALWAYS_EMBED_SWIFT_STANDARD_LIBRARIES = YES;
				BUNDLE_LOADER = "$(TEST_HOST)";
				DEVELOPMENT_TEAM = 8XPGLV92E6;
				INFOPLIST_FILE = VCKitTests/Info.plist;
				LD_RUNPATH_SEARCH_PATHS = "$(inherited) @executable_path/Frameworks @loader_path/Frameworks";
				PRODUCT_BUNDLE_IDENTIFIER = "Vince-Chan.VCKitTests";
				PRODUCT_NAME = "$(TARGET_NAME)";
				SWIFT_VERSION = 3.0;
				TEST_HOST = "$(BUILT_PRODUCTS_DIR)/VCKit.app/VCKit";
			};
			name = Debug;
		};
		8022E3ED1DAB7A7A00D80071 /* Release */ = {
			isa = XCBuildConfiguration;
			buildSettings = {
				ALWAYS_EMBED_SWIFT_STANDARD_LIBRARIES = YES;
				BUNDLE_LOADER = "$(TEST_HOST)";
				DEVELOPMENT_TEAM = 8XPGLV92E6;
				INFOPLIST_FILE = VCKitTests/Info.plist;
				LD_RUNPATH_SEARCH_PATHS = "$(inherited) @executable_path/Frameworks @loader_path/Frameworks";
				PRODUCT_BUNDLE_IDENTIFIER = "Vince-Chan.VCKitTests";
				PRODUCT_NAME = "$(TARGET_NAME)";
				SWIFT_VERSION = 3.0;
				TEST_HOST = "$(BUILT_PRODUCTS_DIR)/VCKit.app/VCKit";
			};
			name = Release;
		};
		8022E3EF1DAB7A7A00D80071 /* Debug */ = {
			isa = XCBuildConfiguration;
			buildSettings = {
				ALWAYS_EMBED_SWIFT_STANDARD_LIBRARIES = YES;
				DEVELOPMENT_TEAM = 8XPGLV92E6;
				INFOPLIST_FILE = VCKitUITests/Info.plist;
				LD_RUNPATH_SEARCH_PATHS = "$(inherited) @executable_path/Frameworks @loader_path/Frameworks";
				PRODUCT_BUNDLE_IDENTIFIER = "Vince-Chan.VCKitUITests";
				PRODUCT_NAME = "$(TARGET_NAME)";
				SWIFT_VERSION = 3.0;
				TEST_TARGET_NAME = VCKit;
			};
			name = Debug;
		};
		8022E3F01DAB7A7A00D80071 /* Release */ = {
			isa = XCBuildConfiguration;
			buildSettings = {
				ALWAYS_EMBED_SWIFT_STANDARD_LIBRARIES = YES;
				DEVELOPMENT_TEAM = 8XPGLV92E6;
				INFOPLIST_FILE = VCKitUITests/Info.plist;
				LD_RUNPATH_SEARCH_PATHS = "$(inherited) @executable_path/Frameworks @loader_path/Frameworks";
				PRODUCT_BUNDLE_IDENTIFIER = "Vince-Chan.VCKitUITests";
				PRODUCT_NAME = "$(TARGET_NAME)";
				SWIFT_VERSION = 3.0;
				TEST_TARGET_NAME = VCKit;
			};
			name = Release;
		};
/* End XCBuildConfiguration section */

/* Begin XCConfigurationList section */
		8022E3BB1DAB7A7A00D80071 /* Build configuration list for PBXProject "VCKit" */ = {
			isa = XCConfigurationList;
			buildConfigurations = (
				8022E3E61DAB7A7A00D80071 /* Debug */,
				8022E3E71DAB7A7A00D80071 /* Release */,
			);
			defaultConfigurationIsVisible = 0;
			defaultConfigurationName = Release;
		};
		8022E3E81DAB7A7A00D80071 /* Build configuration list for PBXNativeTarget "VCKit" */ = {
			isa = XCConfigurationList;
			buildConfigurations = (
				8022E3E91DAB7A7A00D80071 /* Debug */,
				8022E3EA1DAB7A7A00D80071 /* Release */,
			);
			defaultConfigurationIsVisible = 0;
		};
		8022E3EB1DAB7A7A00D80071 /* Build configuration list for PBXNativeTarget "VCKitTests" */ = {
			isa = XCConfigurationList;
			buildConfigurations = (
				8022E3EC1DAB7A7A00D80071 /* Debug */,
				8022E3ED1DAB7A7A00D80071 /* Release */,
			);
			defaultConfigurationIsVisible = 0;
		};
		8022E3EE1DAB7A7A00D80071 /* Build configuration list for PBXNativeTarget "VCKitUITests" */ = {
			isa = XCConfigurationList;
			buildConfigurations = (
				8022E3EF1DAB7A7A00D80071 /* Debug */,
				8022E3F01DAB7A7A00D80071 /* Release */,
			);
			defaultConfigurationIsVisible = 0;
		};
/* End XCConfigurationList section */
	};
	rootObject = 8022E3B81DAB7A7A00D80071 /* Project object */;
}
